// !$*UTF8*$!
{
	archiveVersion = 1;
	classes = {
	};
	objectVersion = 50;
	objects = {

/* Begin PBXBuildFile section */
		F7618ED82513A6D80048A543 /* AppDelegate.swift in Sources */ = {isa = PBXBuildFile; fileRef = F7618ED72513A6D80048A543 /* AppDelegate.swift */; };
		F7618EDA2513A6D80048A543 /* SceneDelegate.swift in Sources */ = {isa = PBXBuildFile; fileRef = F7618ED92513A6D80048A543 /* SceneDelegate.swift */; };
		F7618EDC2513A6D80048A543 /* ContentView.swift in Sources */ = {isa = PBXBuildFile; fileRef = F7618EDB2513A6D80048A543 /* ContentView.swift */; };
		F7618EDE2513A6D90048A543 /* Assets.xcassets in Resources */ = {isa = PBXBuildFile; fileRef = F7618EDD2513A6D90048A543 /* Assets.xcassets */; };
		F7618EE12513A6D90048A543 /* Preview Assets.xcassets in Resources */ = {isa = PBXBuildFile; fileRef = F7618EE02513A6D90048A543 /* Preview Assets.xcassets */; };
		F7618EE42513A6D90048A543 /* LaunchScreen.storyboard in Resources */ = {isa = PBXBuildFile; fileRef = F7618EE22513A6D90048A543 /* LaunchScreen.storyboard */; };
/* End PBXBuildFile section */

/* Begin PBXFileReference section */
		F7618ED42513A6D80048A543 /* IOS_M003_SPACER.app */ = {isa = PBXFileReference; explicitFileType = wrapper.application; includeInIndex = 0; path = IOS_M003_SPACER.app; sourceTree = BUILT_PRODUCTS_DIR; };
		F7618ED72513A6D80048A543 /* AppDelegate.swift */ = {isa = PBXFileReference; lastKnownFileType = sourcecode.swift; path = AppDelegate.swift; sourceTree = "<group>"; };
		F7618ED92513A6D80048A543 /* SceneDelegate.swift */ = {isa = PBXFileReference; lastKnownFileType = sourcecode.swift; path = SceneDelegate.swift; sourceTree = "<group>"; };
		F7618EDB2513A6D80048A543 /* ContentView.swift */ = {isa = PBXFileReference; lastKnownFileType = sourcecode.swift; path = ContentView.swift; sourceTree = "<group>"; };
		F7618EDD2513A6D90048A543 /* Assets.xcassets */ = {isa = PBXFileReference; lastKnownFileType = folder.assetcatalog; path = Assets.xcassets; sourceTree = "<group>"; };
		F7618EE02513A6D90048A543 /* Preview Assets.xcassets */ = {isa = PBXFileReference; lastKnownFileType = folder.assetcatalog; path = "Preview Assets.xcassets"; sourceTree = "<group>"; };
		F7618EE32513A6D90048A543 /* Base */ = {isa = PBXFileReference; lastKnownFileType = file.storyboard; name = Base; path = Base.lproj/LaunchScreen.storyboard; sourceTree = "<group>"; };
		F7618EE52513A6D90048A543 /* Info.plist */ = {isa = PBXFileReference; lastKnownFileType = text.plist.xml; path = Info.plist; sourceTree = "<group>"; };
/* End PBXFileReference section */

/* Begin PBXFrameworksBuildPhase section */
		F7618ED12513A6D80048A543 /* Frameworks */ = {
			isa = PBXFrameworksBuildPhase;
			buildActionMask = 2147483647;
			files = (
			);
			runOnlyForDeploymentPostprocessing = 0;
		};
/* End PBXFrameworksBuildPhase section */

/* Begin PBXGroup section */
		F7618ECB2513A6D80048A543 = {
			isa = PBXGroup;
			children = (
				F7618ED62513A6D80048A543 /* IOS_M003_SPACER */,
				F7618ED52513A6D80048A543 /* Products */,
			);
			sourceTree = "<group>";
		};
		F7618ED52513A6D80048A543 /* Products */ = {
			isa = PBXGroup;
			children = (
				F7618ED42513A6D80048A543 /* IOS_M003_SPACER.app */,
			);
			name = Products;
			sourceTree = "<group>";
		};
		F7618ED62513A6D80048A543 /* IOS_M003_SPACER */ = {
			isa = PBXGroup;
			children = (
				F7618ED72513A6D80048A543 /* AppDelegate.swift */,
				F7618ED92513A6D80048A543 /* SceneDelegate.swift */,
				F7618EDB2513A6D80048A543 /* ContentView.swift */,
				F7618EDD2513A6D90048A543 /* Assets.xcassets */,
				F7618EE22513A6D90048A543 /* LaunchScreen.storyboard */,
				F7618EE52513A6D90048A543 /* Info.plist */,
				F7618EDF2513A6D90048A543 /* Preview Content */,
			);
			path = IOS_M003_SPACER;
			sourceTree = "<group>";
		};
		F7618EDF2513A6D90048A543 /* Preview Content */ = {
			isa = PBXGroup;
			children = (
				F7618EE02513A6D90048A543 /* Preview Assets.xcassets */,
			);
			path = "Preview Content";
			sourceTree = "<group>";
		};
/* End PBXGroup section */

/* Begin PBXNativeTarget section */
		F7618ED32513A6D80048A543 /* IOS_M003_SPACER */ = {
			isa = PBXNativeTarget;
			buildConfigurationList = F7618EE82513A6D90048A543 /* Build configuration list for PBXNativeTarget "IOS_M003_SPACER" */;
			buildPhases = (
				F7618ED02513A6D80048A543 /* Sources */,
				F7618ED12513A6D80048A543 /* Frameworks */,
				F7618ED22513A6D80048A543 /* Resources */,
			);
			buildRules = (
			);
			dependencies = (
			);
			name = IOS_M003_SPACER;
			productName = IOS_M003_SPACER;
			productReference = F7618ED42513A6D80048A543 /* IOS_M003_SPACER.app */;
			productType = "com.apple.product-type.application";
		};
/* End PBXNativeTarget section */

/* Begin PBXProject section */
		F7618ECC2513A6D80048A543 /* Project object */ = {
			isa = PBXProject;
			attributes = {
				LastSwiftUpdateCheck = 1170;
				LastUpgradeCheck = 1200;
				ORGANIZATIONNAME = MVK;
				TargetAttributes = {
					F7618ED32513A6D80048A543 = {
						CreatedOnToolsVersion = 11.7;
					};
				};
			};
			buildConfigurationList = F7618ECF2513A6D80048A543 /* Build configuration list for PBXProject "IOS_M003_SPACER" */;
			compatibilityVersion = "Xcode 9.3";
			developmentRegion = en;
			hasScannedForEncodings = 0;
			knownRegions = (
				en,
				Base,
			);
			mainGroup = F7618ECB2513A6D80048A543;
			productRefGroup = F7618ED52513A6D80048A543 /* Products */;
			projectDirPath = "";
			projectRoot = "";
			targets = (
				F7618ED32513A6D80048A543 /* IOS_M003_SPACER */,
			);
		};
/* End PBXProject section */

/* Begin PBXResourcesBuildPhase section */
		F7618ED22513A6D80048A543 /* Resources */ = {
			isa = PBXResourcesBuildPhase;
			buildActionMask = 2147483647;
			files = (
				F7618EE42513A6D90048A543 /* LaunchScreen.storyboard in Resources */,
				F7618EE12513A6D90048A543 /* Preview Assets.xcassets in Resources */,
				F7618EDE2513A6D90048A543 /* Assets.xcassets in Resources */,
			);
			runOnlyForDeploymentPostprocessing = 0;
		};
/* End PBXResourcesBuildPhase section */

/* Begin PBXSourcesBuildPhase section */
		F7618ED02513A6D80048A543 /* Sources */ = {
			isa = PBXSourcesBuildPhase;
			buildActionMask = 2147483647;
			files = (
				F7618ED82513A6D80048A543 /* AppDelegate.swift in Sources */,
				F7618EDA2513A6D80048A543 /* SceneDelegate.swift in Sources */,
				F7618EDC2513A6D80048A543 /* ContentView.swift in Sources */,
			);
			runOnlyForDeploymentPostprocessing = 0;
		};
/* End PBXSourcesBuildPhase section */

/* Begin PBXVariantGroup section */
		F7618EE22513A6D90048A543 /* LaunchScreen.storyboard */ = {
			isa = PBXVariantGroup;
			children = (
				F7618EE32513A6D90048A543 /* Base */,
			);
			name = LaunchScreen.storyboard;
			sourceTree = "<group>";
		};
/* End PBXVariantGroup section */

/* Begin XCBuildConfiguration section */
		F7618EE62513A6D90048A543 /* Debug */ = {
			isa = XCBuildConfiguration;
			buildSettings = {
				ALWAYS_SEARCH_USER_PATHS = NO;
				CLANG_ANALYZER_NONNULL = YES;
				CLANG_ANALYZER_NUMBER_OBJECT_CONVERSION = YES_AGGRESSIVE;
				CLANG_CXX_LANGUAGE_STANDARD = "gnu++14";
				CLANG_CXX_LIBRARY = "libc++";
				CLANG_ENABLE_MODULES = YES;
				CLANG_ENABLE_OBJC_ARC = YES;
				CLANG_ENABLE_OBJC_WEAK = YES;
				CLANG_WARN_BLOCK_CAPTURE_AUTORELEASING = YES;
				CLANG_WARN_BOOL_CONVERSION = YES;
				CLANG_WARN_COMMA = YES;
				CLANG_WARN_CONSTANT_CONVERSION = YES;
				CLANG_WARN_DEPRECATED_OBJC_IMPLEMENTATIONS = YES;
				CLANG_WARN_DIRECT_OBJC_ISA_USAGE = YES_ERROR;
				CLANG_WARN_DOCUMENTATION_COMMENTS = YES;
				CLANG_WARN_EMPTY_BODY = YES;
				CLANG_WARN_ENUM_CONVERSION = YES;
				CLANG_WARN_INFINITE_RECURSION = YES;
				CLANG_WARN_INT_CONVERSION = YES;
				CLANG_WARN_NON_LITERAL_NULL_CONVERSION = YES;
				CLANG_WARN_OBJC_IMPLICIT_RETAIN_SELF = YES;
				CLANG_WARN_OBJC_LITERAL_CONVERSION = YES;
				CLANG_WARN_OBJC_ROOT_CLASS = YES_ERROR;
				CLANG_WARN_QUOTED_INCLUDE_IN_FRAMEWORK_HEADER = YES;
				CLANG_WARN_RANGE_LOOP_ANALYSIS = YES;
				CLANG_WARN_STRICT_PROTOTYPES = YES;
				CLANG_WARN_SUSPICIOUS_MOVE = YES;
				CLANG_WARN_UNGUARDED_AVAILABILITY = YES_AGGRESSIVE;
				CLANG_WARN_UNREACHABLE_CODE = YES;
				CLANG_WARN__DUPLICATE_METHOD_MATCH = YES;
				COPY_PHASE_STRIP = NO;
				DEBUG_INFORMATION_FORMAT = dwarf;
				ENABLE_STRICT_OBJC_MSGSEND = YES;
				ENABLE_TESTABILITY = YES;
				GCC_C_LANGUAGE_STANDARD = gnu11;
				GCC_DYNAMIC_NO_PIC = NO;
				GCC_NO_COMMON_BLOCKS = YES;
				GCC_OPTIMIZATION_LEVEL = 0;
				GCC_PREPROCESSOR_DEFINITIONS = (
					"DEBUG=1",
					"$(inherited)",
				);
				GCC_WARN_64_TO_32_BIT_CONVERSION = YES;
				GCC_WARN_ABOUT_RETURN_TYPE = YES_ERROR;
				GCC_WARN_UNDECLARED_SELECTOR = YES;
				GCC_WARN_UNINITIALIZED_AUTOS = YES_AGGRESSIVE;
				GCC_WARN_UNUSED_FUNCTION = YES;
				GCC_WARN_UNUSED_VARIABLE = YES;
				IPHONEOS_DEPLOYMENT_TARGET = 13.7;
				MTL_ENABLE_DEBUG_INFO = INCLUDE_SOURCE;
				MTL_FAST_MATH = YES;
				ONLY_ACTIVE_ARCH = YES;
				SDKROOT = iphoneos;
				SWIFT_ACTIVE_COMPILATION_CONDITIONS = DEBUG;
				SWIFT_OPTIMIZATION_LEVEL = "-Onone";
			};
			name = Debug;
		};
		F7618EE72513A6D90048A543 /* Release */ = {
			isa = XCBuildConfiguration;
			buildSettings = {
				ALWAYS_SEARCH_USER_PATHS = NO;
				CLANG_ANALYZER_NONNULL = YES;
				CLANG_ANALYZER_NUMBER_OBJECT_CONVERSION = YES_AGGRESSIVE;
				CLANG_CXX_LANGUAGE_STANDARD = "gnu++14";
				CLANG_CXX_LIBRARY = "libc++";
				CLANG_ENABLE_MODULES = YES;
				CLANG_ENABLE_OBJC_ARC = YES;
				CLANG_ENABLE_OBJC_WEAK = YES;
				CLANG_WARN_BLOCK_CAPTURE_AUTORELEASING = YES;
				CLANG_WARN_BOOL_CONVERSION = YES;
				CLANG_WARN_COMMA = YES;
				CLANG_WARN_CONSTANT_CONVERSION = YES;
				CLANG_WARN_DEPRECATED_OBJC_IMPLEMENTATIONS = YES;
				CLANG_WARN_DIRECT_OBJC_ISA_USAGE = YES_ERROR;
				CLANG_WARN_DOCUMENTATION_COMMENTS = YES;
				CLANG_WARN_EMPTY_BODY = YES;
				CLANG_WARN_ENUM_CONVERSION = YES;
				CLANG_WARN_INFINITE_RECURSION = YES;
				CLANG_WARN_INT_CONVERSION = YES;
				CLANG_WARN_NON_LITERAL_NULL_CONVERSION = YES;
				CLANG_WARN_OBJC_IMPLICIT_RETAIN_SELF = YES;
				CLANG_WARN_OBJC_LITERAL_CONVERSION = YES;
				CLANG_WARN_OBJC_ROOT_CLASS = YES_ERROR;
				CLANG_WARN_QUOTED_INCLUDE_IN_FRAMEWORK_HEADER = YES;
				CLANG_WARN_RANGE_LOOP_ANALYSIS = YES;
				CLANG_WARN_STRICT_PROTOTYPES = YES;
				CLANG_WARN_SUSPICIOUS_MOVE = YES;
				CLANG_WARN_UNGUARDED_AVAILABILITY = YES_AGGRESSIVE;
				CLANG_WARN_UNREACHABLE_CODE = YES;
				CLANG_WARN__DUPLICATE_METHOD_MATCH = YES;
				COPY_PHASE_STRIP = NO;
				DEBUG_INFORMATION_FORMAT = "dwarf-with-dsym";
				ENABLE_NS_ASSERTIONS = NO;
				ENABLE_STRICT_OBJC_MSGSEND = YES;
				GCC_C_LANGUAGE_STANDARD = gnu11;
				GCC_NO_COMMON_BLOCKS = YES;
				GCC_WARN_64_TO_32_BIT_CONVERSION = YES;
				GCC_WARN_ABOUT_RETURN_TYPE = YES_ERROR;
				GCC_WARN_UNDECLARED_SELECTOR = YES;
				GCC_WARN_UNINITIALIZED_AUTOS = YES_AGGRESSIVE;
				GCC_WARN_UNUSED_FUNCTION = YES;
				GCC_WARN_UNUSED_VARIABLE = YES;
				IPHONEOS_DEPLOYMENT_TARGET = 13.7;
				MTL_ENABLE_DEBUG_INFO = NO;
				MTL_FAST_MATH = YES;
				SDKROOT = iphoneos;
				SWIFT_COMPILATION_MODE = wholemodule;
				SWIFT_OPTIMIZATION_LEVEL = "-O";
				VALIDATE_PRODUCT = YES;
			};
			name = Release;
		};
		F7618EE92513A6D90048A543 /* Debug */ = {
			isa = XCBuildConfiguration;
			buildSettings = {
				ASSETCATALOG_COMPILER_APPICON_NAME = AppIcon;
				CODE_SIGN_STYLE = Automatic;
				DEVELOPMENT_ASSET_PATHS = "\"IOS_M003_SPACER/Preview Content\"";
				DEVELOPMENT_TEAM = P6NUSXQ6PJ;
				ENABLE_PREVIEWS = YES;
				INFOPLIST_FILE = IOS_M003_SPACER/Info.plist;
				LD_RUNPATH_SEARCH_PATHS = (
					"$(inherited)",
					"@executable_path/Frameworks",
				);
				PRODUCT_BUNDLE_IDENTIFIER = "mdev.IOS-M003-SPACER";
				PRODUCT_NAME = "$(TARGET_NAME)";
				SWIFT_VERSION = 5.0;
				TARGETED_DEVICE_FAMILY = "1,2";
			};
			name = Debug;
		};
		F7618EEA2513A6D90048A543 /* Release */ = {
			isa = XCBuildConfiguration;
			buildSettings = {
				ASSETCATALOG_COMPILER_APPICON_NAME = AppIcon;
				CODE_SIGN_STYLE = Automatic;
				DEVELOPMENT_ASSET_PATHS = "\"IOS_M003_SPACER/Preview Content\"";
				DEVELOPMENT_TEAM = P6NUSXQ6PJ;
				ENABLE_PREVIEWS = YES;
				INFOPLIST_FILE = IOS_M003_SPACER/Info.plist;
				LD_RUNPATH_SEARCH_PATHS = (
					"$(inherited)",
					"@executable_path/Frameworks",
				);
				PRODUCT_BUNDLE_IDENTIFIER = "mdev.IOS-M003-SPACER";
				PRODUCT_NAME = "$(TARGET_NAME)";
				SWIFT_VERSION = 5.0;
				TARGETED_DEVICE_FAMILY = "1,2";
			};
			name = Release;
		};
/* End XCBuildConfiguration section */

/* Begin XCConfigurationList section */
		F7618ECF2513A6D80048A543 /* Build configuration list for PBXProject "IOS_M003_SPACER" */ = {
			isa = XCConfigurationList;
			buildConfigurations = (
				F7618EE62513A6D90048A543 /* Debug */,
				F7618EE72513A6D90048A543 /* Release */,
			);
			defaultConfigurationIsVisible = 0;
			defaultConfigurationName = Release;
		};
		F7618EE82513A6D90048A543 /* Build configuration list for PBXNativeTarget "IOS_M003_SPACER" */ = {
			isa = XCConfigurationList;
			buildConfigurations = (
				F7618EE92513A6D90048A543 /* Debug */,
				F7618EEA2513A6D90048A543 /* Release */,
			);
			defaultConfigurationIsVisible = 0;
			defaultConfigurationName = Release;
		};
/* End XCConfigurationList section */
	};
	rootObject = F7618ECC2513A6D80048A543 /* Project object */;
}
